
Microsoft Visual Studio Solution File, Format Version 12.00
# Visual Studio Version 17
VisualStudioVersion = 17.2.32526.322
MinimumVisualStudioVersion = 10.0.40219.1
Project("{9A19103F-16F7-4668-BE54-9A1E7A4F7556}") = "TeleNet.OpenClient", "OpenClient\TeleNet.OpenClient.csproj", "{A2FA965A-6F77-4C7B-8784-1D5ED5FC38A6}"
EndProject
Project("{9A19103F-16F7-4668-BE54-9A1E7A4F7556}") = "TeleNet.Models", "Models\TeleNet.Models.csproj", "{59C166D7-D04D-4FAD-BFF8-DBD2E77FA582}"
EndProject
Project("{FAE04EC0-301F-11D3-BF4B-00C04F79EFBC}") = "TeleNet.CodeGenerator", "Generator-Models\TeleNet.CodeGenerator.csproj", "{E9DCDF8B-7AD4-4C8E-BEFD-79AEF8BDFF9C}"
EndProject
Global
	GlobalSection(SolutionConfigurationPlatforms) = preSolution
		Debug|Any CPU = Debug|Any CPU
		Release|Any CPU = Release|Any CPU
	EndGlobalSection
	GlobalSection(ProjectConfigurationPlatforms) = postSolution
		{A2FA965A-6F77-4C7B-8784-1D5ED5FC38A6}.Debug|Any CPU.ActiveCfg = Debug|Any CPU
		{A2FA965A-6F77-4C7B-8784-1D5ED5FC38A6}.Debug|Any CPU.Build.0 = Debug|Any CPU
		{A2FA965A-6F77-4C7B-8784-1D5ED5FC38A6}.Release|Any CPU.ActiveCfg = Release|Any CPU
		{A2FA965A-6F77-4C7B-8784-1D5ED5FC38A6}.Release|Any CPU.Build.0 = Release|Any CPU
		{59C166D7-D04D-4FAD-BFF8-DBD2E77FA582}.Debug|Any CPU.ActiveCfg = Debug|Any CPU
		{59C166D7-D04D-4FAD-BFF8-DBD2E77FA582}.Debug|Any CPU.Build.0 = Debug|Any CPU
		{59C166D7-D04D-4FAD-BFF8-DBD2E77FA582}.Release|Any CPU.ActiveCfg = Release|Any CPU
		{59C166D7-D04D-4FAD-BFF8-DBD2E77FA582}.Release|Any CPU.Build.0 = Release|Any CPU
		{E9DCDF8B-7AD4-4C8E-BEFD-79AEF8BDFF9C}.Debug|Any CPU.ActiveCfg = Debug|Any CPU
		{E9DCDF8B-7AD4-4C8E-BEFD-79AEF8BDFF9C}.Debug|Any CPU.Build.0 = Debug|Any CPU
		{E9DCDF8B-7AD4-4C8E-BEFD-79AEF8BDFF9C}.Release|Any CPU.ActiveCfg = Release|Any CPU
		{E9DCDF8B-7AD4-4C8E-BEFD-79AEF8BDFF9C}.Release|Any CPU.Build.0 = Release|Any CPU
	EndGlobalSection
	GlobalSection(SolutionProperties) = preSolution
		HideSolutionNode = FALSE
	EndGlobalSection
	GlobalSection(ExtensibilityGlobals) = postSolution
		SolutionGuid = {0B7D3E57-00E4-4C93-80E6-5645D527440F}
	EndGlobalSection
EndGlobal
